PODS:
  - Charts (2.2.3):
    - Charts/Core (= 2.2.3)
  - Charts/Core (2.2.3)
  - MTBBarcodeScanner (1.9.1)

DEPENDENCIES:
  - Charts
  - MTBBarcodeScanner

SPEC CHECKSUMS:
  Charts: f54267bb3f0f0e74520c6f248517cf5074dfd6fc
  MTBBarcodeScanner: d65037ab37f0932b46e11a51e98978593424d64e

COCOAPODS: 0.39.0
